# THIS IS AN AUTOGENERATED FILE. DO NOT EDIT THIS FILE DIRECTLY.
# yarn lockfile v1


ohm-js@^16.3.2:
  version "16.3.2"
  resolved "https://registry.yarnpkg.com/ohm-js/-/ohm-js-16.3.2.tgz#55407ebf58191f15b7094f7069060778fc505b4b"
  integrity sha512-Xo7o9oHsWgKYKY5yDCDsXQrOf4Wd2qjSybO3JVRuSH5mrnewdsJzFHGS39qkKv9rPjR0/T1V0UQlP1OTronm6g==

prettier@^2.6.1:
  version "2.6.1"
  resolved "https://registry.yarnpkg.com/prettier/-/prettier-2.6.1.tgz#d472797e0d7461605c1609808e27b80c0f9cfe17"
  integrity sha512-8UVbTBYGwN37Bs9LERmxCPjdvPxlEowx2urIL6urHzdb3SDq4B/Z6xLFCblrSnE4iKWcS6ziJ3aOYrc1kz/E2A==
